github.com/Rhymond/go-money v1.0.15 h1:rdcIcO8FxCqEwBSt5VZf4hLMfovtcDIiY5/cQWE+7Vo=
github.com/Rhymond/go-money v1.0.15/go.mod h1:iHvCuIvitxu2JIlAlhF0g9jHqjRSr+rpdOs7Omqlupg=
github.com/shopspring/decimal v1.4.0 h1:bxl37RwXBklmTi0C79JfXCEBD1cqqHt0bbgBAGFp81k=
github.com/shopspring/decimal v1.4.0/go.mod h1:gawqmDU56v4yIKSwfBSFip1HdCCXN8/+DMd9qYNcwME=
